{
  "originHash" : "6ac881e1c711b836232a0fe6a119c81def2a405e5de44194800b49fd7a54fbb2",
  "pins" : [
    {
      "identity" : "fluidaudio",
      "kind" : "remoteSourceControl",
      "location" : "https://github.com/FluidInference/FluidAudio.git",
      "state" : {
        "revision" : "5c51c5c93afff0d89594a2a93c3103e790ba648c",
        "version" : "0.17.1"
      }
    }
  ],
  "version" : 3
}
